{
  "name": "tastebud",
  "lockfileVersion": 3,
  "requires": true,
  "packages": {
    "": {
      "dependencies": {
        "class-names": "^1.0.0",
        "classnames": "^2.5.1",
        "uuid": "^11.1.0"
      }
    },
    "node_modules/class-names": {
      "version": "1.0.0",
      "resolved": "https://registry.npmjs.org/class-names/-/class-names-1.0.0.tgz",
      "integrity": "sha512-AQL0OLcu6D5hTwPcY78UgQ0JMS5cR1eYFV60C6V9WNMKVgyXi+CSGYuuWUAVo/6+Z2JRk6VBTn1XO5U94SqBww==",
      "dependencies": {
        "classnames": "^2.2.5"
      }
    },
    "node_modules/classnames": {
      "version": "2.5.1",
      "resolved": "https://registry.npmjs.org/classnames/-/classnames-2.5.1.tgz",
      "integrity": "sha512-saHYOzhIQs6wy2sVxTM6bUDsQO4F50V9RQ22qBpEdCW+I+/Wmke2HOl6lS6dTpdxVhb88/I6+Hs+438c3lfUow==",
      "license": "MIT"
    },
    "node_modules/uuid": {
      "version": "11.1.0",
      "resolved": "https://registry.npmjs.org/uuid/-/uuid-11.1.0.tgz",
      "integrity": "sha512-0/A9rDy9P7cJ+8w1c9WD9V//9Wj15Ce2MPz8Ri6032usz+NfePxx5AcN3bN+r6ZL6jEo066/yNYB3tn4pQEx+A==",
      "funding": [
        "https://github.com/sponsors/broofa",
        "https://github.com/sponsors/ctavan"
      ],
      "license": "MIT",
      "bin": {
        "uuid": "dist/esm/bin/uuid"
      }
    }
  }
}
